lockfileVersion: '9.0'

settings:
  autoInstallPeers: true
  excludeLinksFromLockfile: false

importers:

  .:
    dependencies:
      pnpm:
        specifier: ^10.34.5
        version: 10.34.5
      swagger-ui-dist:
        specifier: ^5.17.14
        version: 5.27.1

packages:

  '@scarf/scarf@1.4.0':
    resolution: {integrity: sha512-xxeapPiUXdZAE3che6f3xogoJPeZgig6omHEy1rIY5WVsB3H2BHNnZH+gHG6x91SCWyQCzWGsuL2Hh3ClO5/qQ==}

  pnpm@10.34.5:
    resolution: {integrity: sha512-pO4F8vc2WCVb1qiYWcBlpFwopX2u+uLIk6Fo7itzFow3uR6D5X6mdlStA/AwMXRkMOi84442LgQmBfuKvIAZLg==}
    engines: {node: '>=18.12'}
    hasBin: true

  swagger-ui-dist@5.27.1:
    resolution: {integrity: sha512-oGtpYO3lnoaqyGtlJalvryl7TwzgRuxpOVWqEHx8af0YXI+Kt+4jMpLdgMtMcmWmuQ0QTCHLKExwrBFMSxvAUA==}

snapshots:

  '@scarf/scarf@1.4.0': {}

  pnpm@10.34.5: {}

  swagger-ui-dist@5.27.1:
    dependencies:
      '@scarf/scarf': 1.4.0
