lockfileVersion: '9.0'

settings:
  autoInstallPeers: true
  excludeLinksFromLockfile: false

importers:

  .:
    dependencies:
      pnpm:
        specifier: ^9.12.1
        version: 9.12.1
      swagger-ui-dist:
        specifier: ^5.17.14
        version: 5.17.14

packages:

  pnpm@9.12.1:
    resolution: {integrity: sha512-5aflKkGDoC1ZMQV/eg2/+dXpzjFh4z+miuOSElt5KCqKikcKUd/IoO2GIhRC6y+1cBmwmQ7ST6tRm/DhvFzPxA==}
    engines: {node: '>=18.12'}
    hasBin: true

  swagger-ui-dist@5.17.14:
    resolution: {integrity: sha512-CVbSfaLpstV65OnSjbXfVd6Sta3q3F7Cj/yYuvHMp1P90LztOLs6PfUnKEVAeiIVQt9u2SaPwv0LiH/OyMjHRw==}

snapshots:

  pnpm@9.12.1: {}

  swagger-ui-dist@5.17.14: {}
