lockfileVersion: '9.0'

settings:
  autoInstallPeers: true
  excludeLinksFromLockfile: false

importers:

  .:
    dependencies:
      pnpm:
        specifier: ^10.0.0
        version: 10.6.3
      swagger-ui-dist:
        specifier: ^5.17.14
        version: 5.20.1

packages:

  '@scarf/scarf@1.4.0':
    resolution: {integrity: sha512-xxeapPiUXdZAE3che6f3xogoJPeZgig6omHEy1rIY5WVsB3H2BHNnZH+gHG6x91SCWyQCzWGsuL2Hh3ClO5/qQ==}

  pnpm@10.6.3:
    resolution: {integrity: sha512-u0XjTVCpp26FipWDcwG/tr1tNa6ixdUglPpJekZ8Q/XEQBA84lEengovicPWBxuqwzWPxorG+3XizrPSc2Bl5g==}
    engines: {node: '>=18.12'}
    hasBin: true

  swagger-ui-dist@5.20.1:
    resolution: {integrity: sha512-qBPCis2w8nP4US7SvUxdJD3OwKcqiWeZmjN2VWhq2v+ESZEXOP/7n4DeiOiiZcGYTKMHAHUUrroHaTsjUWTEGw==}

snapshots:

  '@scarf/scarf@1.4.0': {}

  pnpm@10.6.3: {}

  swagger-ui-dist@5.20.1:
    dependencies:
      '@scarf/scarf': 1.4.0
